
Microsoft Visual Studio Solution File, Format Version 12.00
# Visual Studio Version 16
VisualStudioVersion = 16.0.30320.27
MinimumVisualStudioVersion = 10.0.40219.1
Project("{FAE04EC0-301F-11D3-BF4B-00C04F79EFBC}") = "QuanLyKho", "QuanLyKho\QuanLyKho.csproj", "{F79512A4-5E20-443B-87D2-7DCA8F909709}"
EndProject
Global
	GlobalSection(SolutionConfigurationPlatforms) = preSolution
		Debug|Any CPU = Debug|Any CPU
		Release|Any CPU = Release|Any CPU
	EndGlobalSection
	GlobalSection(ProjectConfigurationPlatforms) = postSolution
		{F79512A4-5E20-443B-87D2-7DCA8F909709}.Debug|Any CPU.ActiveCfg = Debug|Any CPU
		{F79512A4-5E20-443B-87D2-7DCA8F909709}.Debug|Any CPU.Build.0 = Debug|Any CPU
		{F79512A4-5E20-443B-87D2-7DCA8F909709}.Release|Any CPU.ActiveCfg = Release|Any CPU
		{F79512A4-5E20-443B-87D2-7DCA8F909709}.Release|Any CPU.Build.0 = Release|Any CPU
	EndGlobalSection
	GlobalSection(SolutionProperties) = preSolution
		HideSolutionNode = FALSE
	EndGlobalSection
	GlobalSection(ExtensibilityGlobals) = postSolution
		SolutionGuid = {33B9085D-B7F7-4D71-9597-F4612531C949}
	EndGlobalSection
EndGlobal
